// !$*UTF8*$!
{
	archiveVersion = 1;
	classes = {
	};
	objectVersion = 56;
	objects = {

/* Begin PBXBuildFile section */
		032BC4442BF899D600FD9D72 /* SummaryView.swift in Sources */ = {isa = PBXBuildFile; fileRef = 032BC4432BF899D600FD9D72 /* SummaryView.swift */; };
		03CE5BD72C064C6B00426096 /* Launch Screen.storyboard in Resources */ = {isa = PBXBuildFile; fileRef = 03CE5BD62C064C6B00426096 /* Launch Screen.storyboard */; };
		03EAF3772BF0885800D841F6 /* MindCheckApp.swift in Sources */ = {isa = PBXBuildFile; fileRef = 03EAF3762BF0885800D841F6 /* MindCheckApp.swift */; };
		03EAF3792BF0885800D841F6 /* ContentView.swift in Sources */ = {isa = PBXBuildFile; fileRef = 03EAF3782BF0885800D841F6 /* ContentView.swift */; };
		03EAF37D2BF0885900D841F6 /* Assets.xcassets in Resources */ = {isa = PBXBuildFile; fileRef = 03EAF37C2BF0885900D841F6 /* Assets.xcassets */; };
		03EAF3812BF0885900D841F6 /* Preview Assets.xcassets in Resources */ = {isa = PBXBuildFile; fileRef = 03EAF3802BF0885900D841F6 /* Preview Assets.xcassets */; };
		03EAF38B2BF0885900D841F6 /* MindCheckTests.swift in Sources */ = {isa = PBXBuildFile; fileRef = 03EAF38A2BF0885900D841F6 /* MindCheckTests.swift */; };
		03EAF3952BF0885900D841F6 /* MindCheckUITests.swift in Sources */ = {isa = PBXBuildFile; fileRef = 03EAF3942BF0885900D841F6 /* MindCheckUITests.swift */; };
		03EAF3972BF0885900D841F6 /* MindCheckUITestsLaunchTests.swift in Sources */ = {isa = PBXBuildFile; fileRef = 03EAF3962BF0885900D841F6 /* MindCheckUITestsLaunchTests.swift */; };
		03EAF3A42BF08B0F00D841F6 /*  AsstView.swift in Sources */ = {isa = PBXBuildFile; fileRef = 03EAF3A32BF08B0F00D841F6 /*  AsstView.swift */; };
		03EAF3A62BF08C2300D841F6 /* Item.swift in Sources */ = {isa = PBXBuildFile; fileRef = 03EAF3A52BF08C2300D841F6 /* Item.swift */; };
		03EAF3B22BF08CCD00D841F6 /* MenuView.swift in Sources */ = {isa = PBXBuildFile; fileRef = 03EAF3B12BF08CCD00D841F6 /* MenuView.swift */; };
		03EAF3B42BF08CF500D841F6 /* SettingView.swift in Sources */ = {isa = PBXBuildFile; fileRef = 03EAF3B32BF08CF500D841F6 /* SettingView.swift */; };
		03EAF3B62BF0946500D841F6 /* CreditsView.swift in Sources */ = {isa = PBXBuildFile; fileRef = 03EAF3B52BF0946500D841F6 /* CreditsView.swift */; };
/* End PBXBuildFile section */

/* Begin PBXContainerItemProxy section */
		03EAF3872BF0885900D841F6 /* PBXContainerItemProxy */ = {
			isa = PBXContainerItemProxy;
			containerPortal = 03EAF36B2BF0885800D841F6 /* Project object */;
			proxyType = 1;
			remoteGlobalIDString = 03EAF3722BF0885800D841F6;
			remoteInfo = MindCheck;
		};
		03EAF3912BF0885900D841F6 /* PBXContainerItemProxy */ = {
			isa = PBXContainerItemProxy;
			containerPortal = 03EAF36B2BF0885800D841F6 /* Project object */;
			proxyType = 1;
			remoteGlobalIDString = 03EAF3722BF0885800D841F6;
			remoteInfo = MindCheck;
		};
/* End PBXContainerItemProxy section */

/* Begin PBXFileReference section */
		032BC4432BF899D600FD9D72 /* SummaryView.swift */ = {isa = PBXFileReference; lastKnownFileType = sourcecode.swift; path = SummaryView.swift; sourceTree = "<group>"; };
		03CE5BD62C064C6B00426096 /* Launch Screen.storyboard */ = {isa = PBXFileReference; fileEncoding = 4; lastKnownFileType = file.storyboard; path = "Launch Screen.storyboard"; sourceTree = "<group>"; };
		03EAF3732BF0885800D841F6 /* MindCheck.app */ = {isa = PBXFileReference; explicitFileType = wrapper.application; includeInIndex = 0; path = MindCheck.app; sourceTree = BUILT_PRODUCTS_DIR; };
		03EAF3762BF0885800D841F6 /* MindCheckApp.swift */ = {isa = PBXFileReference; lastKnownFileType = sourcecode.swift; path = MindCheckApp.swift; sourceTree = "<group>"; };
		03EAF3782BF0885800D841F6 /* ContentView.swift */ = {isa = PBXFileReference; lastKnownFileType = sourcecode.swift; path = ContentView.swift; sourceTree = "<group>"; };
		03EAF37C2BF0885900D841F6 /* Assets.xcassets */ = {isa = PBXFileReference; lastKnownFileType = folder.assetcatalog; path = Assets.xcassets; sourceTree = "<group>"; };
		03EAF37E2BF0885900D841F6 /* MindCheck.entitlements */ = {isa = PBXFileReference; lastKnownFileType = text.plist.entitlements; path = MindCheck.entitlements; sourceTree = "<group>"; };
		03EAF3802BF0885900D841F6 /* Preview Assets.xcassets */ = {isa = PBXFileReference; lastKnownFileType = folder.assetcatalog; path = "Preview Assets.xcassets"; sourceTree = "<group>"; };
		03EAF3862BF0885900D841F6 /* MindCheckTests.xctest */ = {isa = PBXFileReference; explicitFileType = wrapper.cfbundle; includeInIndex = 0; path = MindCheckTests.xctest; sourceTree = BUILT_PRODUCTS_DIR; };
		03EAF38A2BF0885900D841F6 /* MindCheckTests.swift */ = {isa = PBXFileReference; lastKnownFileType = sourcecode.swift; path = MindCheckTests.swift; sourceTree = "<group>"; };
		03EAF3902BF0885900D841F6 /* MindCheckUITests.xctest */ = {isa = PBXFileReference; explicitFileType = wrapper.cfbundle; includeInIndex = 0; path = MindCheckUITests.xctest; sourceTree = BUILT_PRODUCTS_DIR; };
		03EAF3942BF0885900D841F6 /* MindCheckUITests.swift */ = {isa = PBXFileReference; lastKnownFileType = sourcecode.swift; path = MindCheckUITests.swift; sourceTree = "<group>"; };
		03EAF3962BF0885900D841F6 /* MindCheckUITestsLaunchTests.swift */ = {isa = PBXFileReference; lastKnownFileType = sourcecode.swift; path = MindCheckUITestsLaunchTests.swift; sourceTree = "<group>"; };
		03EAF3A32BF08B0F00D841F6 /*  AsstView.swift */ = {isa = PBXFileReference; lastKnownFileType = sourcecode.swift; path = " AsstView.swift"; sourceTree = "<group>"; };
		03EAF3A52BF08C2300D841F6 /* Item.swift */ = {isa = PBXFileReference; lastKnownFileType = sourcecode.swift; path = Item.swift; sourceTree = "<group>"; };
		03EAF3B12BF08CCD00D841F6 /* MenuView.swift */ = {isa = PBXFileReference; lastKnownFileType = sourcecode.swift; path = MenuView.swift; sourceTree = "<group>"; };
		03EAF3B32BF08CF500D841F6 /* SettingView.swift */ = {isa = PBXFileReference; lastKnownFileType = sourcecode.swift; path = SettingView.swift; sourceTree = "<group>"; };
		03EAF3B52BF0946500D841F6 /* CreditsView.swift */ = {isa = PBXFileReference; lastKnownFileType = sourcecode.swift; path = CreditsView.swift; sourceTree = "<group>"; };
/* End PBXFileReference section */

/* Begin PBXFrameworksBuildPhase section */
		03EAF3702BF0885800D841F6 /* Frameworks */ = {
			isa = PBXFrameworksBuildPhase;
			buildActionMask = 2147483647;
			files = (
			);
			runOnlyForDeploymentPostprocessing = 0;
		};
		03EAF3832BF0885900D841F6 /* Frameworks */ = {
			isa = PBXFrameworksBuildPhase;
			buildActionMask = 2147483647;
			files = (
			);
			runOnlyForDeploymentPostprocessing = 0;
		};
		03EAF38D2BF0885900D841F6 /* Frameworks */ = {
			isa = PBXFrameworksBuildPhase;
			buildActionMask = 2147483647;
			files = (
			);
			runOnlyForDeploymentPostprocessing = 0;
		};
/* End PBXFrameworksBuildPhase section */

/* Begin PBXGroup section */
		03EAF36A2BF0885800D841F6 = {
			isa = PBXGroup;
			children = (
				03EAF3752BF0885800D841F6 /* MindCheck */,
				03EAF3892BF0885900D841F6 /* MindCheckTests */,
				03EAF3932BF0885900D841F6 /* MindCheckUITests */,
				03EAF3742BF0885800D841F6 /* Products */,
			);
			sourceTree = "<group>";
		};
		03EAF3742BF0885800D841F6 /* Products */ = {
			isa = PBXGroup;
			children = (
				03EAF3732BF0885800D841F6 /* MindCheck.app */,
				03EAF3862BF0885900D841F6 /* MindCheckTests.xctest */,
				03EAF3902BF0885900D841F6 /* MindCheckUITests.xctest */,
			);
			name = Products;
			sourceTree = "<group>";
		};
		03EAF3752BF0885800D841F6 /* MindCheck */ = {
			isa = PBXGroup;
			children = (
				03CE5BD62C064C6B00426096 /* Launch Screen.storyboard */,
				03EAF3762BF0885800D841F6 /* MindCheckApp.swift */,
				03EAF3B12BF08CCD00D841F6 /* MenuView.swift */,
				03EAF3782BF0885800D841F6 /* ContentView.swift */,
				032BC4432BF899D600FD9D72 /* SummaryView.swift */,
				03EAF3B52BF0946500D841F6 /* CreditsView.swift */,
				03EAF3B32BF08CF500D841F6 /* SettingView.swift */,
				03EAF3A32BF08B0F00D841F6 /*  AsstView.swift */,
				03EAF37C2BF0885900D841F6 /* Assets.xcassets */,
				03EAF37E2BF0885900D841F6 /* MindCheck.entitlements */,
				03EAF37F2BF0885900D841F6 /* Preview Content */,
				03EAF3A52BF08C2300D841F6 /* Item.swift */,
			);
			path = MindCheck;
			sourceTree = "<group>";
		};
		03EAF37F2BF0885900D841F6 /* Preview Content */ = {
			isa = PBXGroup;
			children = (
				03EAF3802BF0885900D841F6 /* Preview Assets.xcassets */,
			);
			path = "Preview Content";
			sourceTree = "<group>";
		};
		03EAF3892BF0885900D841F6 /* MindCheckTests */ = {
			isa = PBXGroup;
			children = (
				03EAF38A2BF0885900D841F6 /* MindCheckTests.swift */,
			);
			path = MindCheckTests;
			sourceTree = "<group>";
		};
		03EAF3932BF0885900D841F6 /* MindCheckUITests */ = {
			isa = PBXGroup;
			children = (
				03EAF3942BF0885900D841F6 /* MindCheckUITests.swift */,
				03EAF3962BF0885900D841F6 /* MindCheckUITestsLaunchTests.swift */,
			);
			path = MindCheckUITests;
			sourceTree = "<group>";
		};
/* End PBXGroup section */

/* Begin PBXNativeTarget section */
		03EAF3722BF0885800D841F6 /* MindCheck */ = {
			isa = PBXNativeTarget;
			buildConfigurationList = 03EAF39A2BF0885900D841F6 /* Build configuration list for PBXNativeTarget "MindCheck" */;
			buildPhases = (
				03EAF36F2BF0885800D841F6 /* Sources */,
				03EAF3702BF0885800D841F6 /* Frameworks */,
				03EAF3712BF0885800D841F6 /* Resources */,
			);
			buildRules = (
			);
			dependencies = (
			);
			name = MindCheck;
			productName = MindCheck;
			productReference = 03EAF3732BF0885800D841F6 /* MindCheck.app */;
			productType = "com.apple.product-type.application";
		};
		03EAF3852BF0885900D841F6 /* MindCheckTests */ = {
			isa = PBXNativeTarget;
			buildConfigurationList = 03EAF39D2BF0885900D841F6 /* Build configuration list for PBXNativeTarget "MindCheckTests" */;
			buildPhases = (
				03EAF3822BF0885900D841F6 /* Sources */,
				03EAF3832BF0885900D841F6 /* Frameworks */,
				03EAF3842BF0885900D841F6 /* Resources */,
			);
			buildRules = (
			);
			dependencies = (
				03EAF3882BF0885900D841F6 /* PBXTargetDependency */,
			);
			name = MindCheckTests;
			productName = MindCheckTests;
			productReference = 03EAF3862BF0885900D841F6 /* MindCheckTests.xctest */;
			productType = "com.apple.product-type.bundle.unit-test";
		};
		03EAF38F2BF0885900D841F6 /* MindCheckUITests */ = {
			isa = PBXNativeTarget;
			buildConfigurationList = 03EAF3A02BF0885900D841F6 /* Build configuration list for PBXNativeTarget "MindCheckUITests" */;
			buildPhases = (
				03EAF38C2BF0885900D841F6 /* Sources */,
				03EAF38D2BF0885900D841F6 /* Frameworks */,
				03EAF38E2BF0885900D841F6 /* Resources */,
			);
			buildRules = (
			);
			dependencies = (
				03EAF3922BF0885900D841F6 /* PBXTargetDependency */,
			);
			name = MindCheckUITests;
			productName = MindCheckUITests;
			productReference = 03EAF3902BF0885900D841F6 /* MindCheckUITests.xctest */;
			productType = "com.apple.product-type.bundle.ui-testing";
		};
/* End PBXNativeTarget section */

/* Begin PBXProject section */
		03EAF36B2BF0885800D841F6 /* Project object */ = {
			isa = PBXProject;
			attributes = {
				BuildIndependentTargetsInParallel = 1;
				LastSwiftUpdateCheck = 1530;
				LastUpgradeCheck = 1530;
				TargetAttributes = {
					03EAF3722BF0885800D841F6 = {
						CreatedOnToolsVersion = 15.3;
					};
					03EAF3852BF0885900D841F6 = {
						CreatedOnToolsVersion = 15.3;
						TestTargetID = 03EAF3722BF0885800D841F6;
					};
					03EAF38F2BF0885900D841F6 = {
						CreatedOnToolsVersion = 15.3;
						TestTargetID = 03EAF3722BF0885800D841F6;
					};
				};
			};
			buildConfigurationList = 03EAF36E2BF0885800D841F6 /* Build configuration list for PBXProject "MindCheck" */;
			compatibilityVersion = "Xcode 14.0";
			developmentRegion = en;
			hasScannedForEncodings = 0;
			knownRegions = (
				en,
				Base,
			);
			mainGroup = 03EAF36A2BF0885800D841F6;
			packageReferences = (
				032BC4472BF8A44200FD9D72 /* XCRemoteSwiftPackageReference "ChartView" */,
			);
			productRefGroup = 03EAF3742BF0885800D841F6 /* Products */;
			projectDirPath = "";
			projectRoot = "";
			targets = (
				03EAF3722BF0885800D841F6 /* MindCheck */,
				03EAF3852BF0885900D841F6 /* MindCheckTests */,
				03EAF38F2BF0885900D841F6 /* MindCheckUITests */,
			);
		};
/* End PBXProject section */

/* Begin PBXResourcesBuildPhase section */
		03EAF3712BF0885800D841F6 /* Resources */ = {
			isa = PBXResourcesBuildPhase;
			buildActionMask = 2147483647;
			files = (
				03CE5BD72C064C6B00426096 /* Launch Screen.storyboard in Resources */,
				03EAF3812BF0885900D841F6 /* Preview Assets.xcassets in Resources */,
				03EAF37D2BF0885900D841F6 /* Assets.xcassets in Resources */,
			);
			runOnlyForDeploymentPostprocessing = 0;
		};
		03EAF3842BF0885900D841F6 /* Resources */ = {
			isa = PBXResourcesBuildPhase;
			buildActionMask = 2147483647;
			files = (
			);
			runOnlyForDeploymentPostprocessing = 0;
		};
		03EAF38E2BF0885900D841F6 /* Resources */ = {
			isa = PBXResourcesBuildPhase;
			buildActionMask = 2147483647;
			files = (
			);
			runOnlyForDeploymentPostprocessing = 0;
		};
/* End PBXResourcesBuildPhase section */

/* Begin PBXSourcesBuildPhase section */
		03EAF36F2BF0885800D841F6 /* Sources */ = {
			isa = PBXSourcesBuildPhase;
			buildActionMask = 2147483647;
			files = (
				03EAF3B22BF08CCD00D841F6 /* MenuView.swift in Sources */,
				03EAF3A62BF08C2300D841F6 /* Item.swift in Sources */,
				03EAF3B42BF08CF500D841F6 /* SettingView.swift in Sources */,
				03EAF3A42BF08B0F00D841F6 /*  AsstView.swift in Sources */,
				03EAF3B62BF0946500D841F6 /* CreditsView.swift in Sources */,
				03EAF3792BF0885800D841F6 /* ContentView.swift in Sources */,
				03EAF3772BF0885800D841F6 /* MindCheckApp.swift in Sources */,
				032BC4442BF899D600FD9D72 /* SummaryView.swift in Sources */,
			);
			runOnlyForDeploymentPostprocessing = 0;
		};
		03EAF3822BF0885900D841F6 /* Sources */ = {
			isa = PBXSourcesBuildPhase;
			buildActionMask = 2147483647;
			files = (
				03EAF38B2BF0885900D841F6 /* MindCheckTests.swift in Sources */,
			);
			runOnlyForDeploymentPostprocessing = 0;
		};
		03EAF38C2BF0885900D841F6 /* Sources */ = {
			isa = PBXSourcesBuildPhase;
			buildActionMask = 2147483647;
			files = (
				03EAF3952BF0885900D841F6 /* MindCheckUITests.swift in Sources */,
				03EAF3972BF0885900D841F6 /* MindCheckUITestsLaunchTests.swift in Sources */,
			);
			runOnlyForDeploymentPostprocessing = 0;
		};
/* End PBXSourcesBuildPhase section */

/* Begin PBXTargetDependency section */
		03EAF3882BF0885900D841F6 /* PBXTargetDependency */ = {
			isa = PBXTargetDependency;
			target = 03EAF3722BF0885800D841F6 /* MindCheck */;
			targetProxy = 03EAF3872BF0885900D841F6 /* PBXContainerItemProxy */;
		};
		03EAF3922BF0885900D841F6 /* PBXTargetDependency */ = {
			isa = PBXTargetDependency;
			target = 03EAF3722BF0885800D841F6 /* MindCheck */;
			targetProxy = 03EAF3912BF0885900D841F6 /* PBXContainerItemProxy */;
		};
/* End PBXTargetDependency section */

/* Begin XCBuildConfiguration section */
		03EAF3982BF0885900D841F6 /* Debug */ = {
			isa = XCBuildConfiguration;
			buildSettings = {
				ALWAYS_SEARCH_USER_PATHS = NO;
				ASSETCATALOG_COMPILER_GENERATE_SWIFT_ASSET_SYMBOL_EXTENSIONS = YES;
				CLANG_ANALYZER_NONNULL = YES;
				CLANG_ANALYZER_NUMBER_OBJECT_CONVERSION = YES_AGGRESSIVE;
				CLANG_CXX_LANGUAGE_STANDARD = "gnu++20";
				CLANG_ENABLE_MODULES = YES;
				CLANG_ENABLE_OBJC_ARC = YES;
				CLANG_ENABLE_OBJC_WEAK = YES;
				CLANG_WARN_BLOCK_CAPTURE_AUTORELEASING = YES;
				CLANG_WARN_BOOL_CONVERSION = YES;
				CLANG_WARN_COMMA = YES;
				CLANG_WARN_CONSTANT_CONVERSION = YES;
				CLANG_WARN_DEPRECATED_OBJC_IMPLEMENTATIONS = YES;
				CLANG_WARN_DIRECT_OBJC_ISA_USAGE = YES_ERROR;
				CLANG_WARN_DOCUMENTATION_COMMENTS = YES;
				CLANG_WARN_EMPTY_BODY = YES;
				CLANG_WARN_ENUM_CONVERSION = YES;
				CLANG_WARN_INFINITE_RECURSION = YES;
				CLANG_WARN_INT_CONVERSION = YES;
				CLANG_WARN_NON_LITERAL_NULL_CONVERSION = YES;
				CLANG_WARN_OBJC_IMPLICIT_RETAIN_SELF = YES;
				CLANG_WARN_OBJC_LITERAL_CONVERSION = YES;
				CLANG_WARN_OBJC_ROOT_CLASS = YES_ERROR;
				CLANG_WARN_QUOTED_INCLUDE_IN_FRAMEWORK_HEADER = YES;
				CLANG_WARN_RANGE_LOOP_ANALYSIS = YES;
				CLANG_WARN_STRICT_PROTOTYPES = YES;
				CLANG_WARN_SUSPICIOUS_MOVE = YES;
				CLANG_WARN_UNGUARDED_AVAILABILITY = YES_AGGRESSIVE;
				CLANG_WARN_UNREACHABLE_CODE = YES;
				CLANG_WARN__DUPLICATE_METHOD_MATCH = YES;
				COPY_PHASE_STRIP = NO;
				DEBUG_INFORMATION_FORMAT = dwarf;
				ENABLE_STRICT_OBJC_MSGSEND = YES;
				ENABLE_TESTABILITY = YES;
				ENABLE_USER_SCRIPT_SANDBOXING = YES;
				GCC_C_LANGUAGE_STANDARD = gnu17;
				GCC_DYNAMIC_NO_PIC = NO;
				GCC_NO_COMMON_BLOCKS = YES;
				GCC_OPTIMIZATION_LEVEL = 0;
				GCC_PREPROCESSOR_DEFINITIONS = (
					"DEBUG=1",
					"$(inherited)",
				);
				GCC_WARN_64_TO_32_BIT_CONVERSION = YES;
				GCC_WARN_ABOUT_RETURN_TYPE = YES_ERROR;
				GCC_WARN_UNDECLARED_SELECTOR = YES;
				GCC_WARN_UNINITIALIZED_AUTOS = YES_AGGRESSIVE;
				GCC_WARN_UNUSED_FUNCTION = YES;
				GCC_WARN_UNUSED_VARIABLE = YES;
				LOCALIZATION_PREFERS_STRING_CATALOGS = YES;
				MTL_ENABLE_DEBUG_INFO = INCLUDE_SOURCE;
				MTL_FAST_MATH = YES;
				ONLY_ACTIVE_ARCH = YES;
				SWIFT_ACTIVE_COMPILATION_CONDITIONS = "DEBUG $(inherited)";
				SWIFT_OPTIMIZATION_LEVEL = "-Onone";
			};
			name = Debug;
		};
		03EAF3992BF0885900D841F6 /* Release */ = {
			isa = XCBuildConfiguration;
			buildSettings = {
				ALWAYS_SEARCH_USER_PATHS = NO;
				ASSETCATALOG_COMPILER_GENERATE_SWIFT_ASSET_SYMBOL_EXTENSIONS = YES;
				CLANG_ANALYZER_NONNULL = YES;
				CLANG_ANALYZER_NUMBER_OBJECT_CONVERSION = YES_AGGRESSIVE;
				CLANG_CXX_LANGUAGE_STANDARD = "gnu++20";
				CLANG_ENABLE_MODULES = YES;
				CLANG_ENABLE_OBJC_ARC = YES;
				CLANG_ENABLE_OBJC_WEAK = YES;
				CLANG_WARN_BLOCK_CAPTURE_AUTORELEASING = YES;
				CLANG_WARN_BOOL_CONVERSION = YES;
				CLANG_WARN_COMMA = YES;
				CLANG_WARN_CONSTANT_CONVERSION = YES;
				CLANG_WARN_DEPRECATED_OBJC_IMPLEMENTATIONS = YES;
				CLANG_WARN_DIRECT_OBJC_ISA_USAGE = YES_ERROR;
				CLANG_WARN_DOCUMENTATION_COMMENTS = YES;
				CLANG_WARN_EMPTY_BODY = YES;
				CLANG_WARN_ENUM_CONVERSION = YES;
				CLANG_WARN_INFINITE_RECURSION = YES;
				CLANG_WARN_INT_CONVERSION = YES;
				CLANG_WARN_NON_LITERAL_NULL_CONVERSION = YES;
				CLANG_WARN_OBJC_IMPLICIT_RETAIN_SELF = YES;
				CLANG_WARN_OBJC_LITERAL_CONVERSION = YES;
				CLANG_WARN_OBJC_ROOT_CLASS = YES_ERROR;
				CLANG_WARN_QUOTED_INCLUDE_IN_FRAMEWORK_HEADER = YES;
				CLANG_WARN_RANGE_LOOP_ANALYSIS = YES;
				CLANG_WARN_STRICT_PROTOTYPES = YES;
				CLANG_WARN_SUSPICIOUS_MOVE = YES;
				CLANG_WARN_UNGUARDED_AVAILABILITY = YES_AGGRESSIVE;
				CLANG_WARN_UNREACHABLE_CODE = YES;
				CLANG_WARN__DUPLICATE_METHOD_MATCH = YES;
				COPY_PHASE_STRIP = NO;
				DEBUG_INFORMATION_FORMAT = "dwarf-with-dsym";
				ENABLE_NS_ASSERTIONS = NO;
				ENABLE_STRICT_OBJC_MSGSEND = YES;
				ENABLE_USER_SCRIPT_SANDBOXING = YES;
				GCC_C_LANGUAGE_STANDARD = gnu17;
				GCC_NO_COMMON_BLOCKS = YES;
				GCC_WARN_64_TO_32_BIT_CONVERSION = YES;
				GCC_WARN_ABOUT_RETURN_TYPE = YES_ERROR;
				GCC_WARN_UNDECLARED_SELECTOR = YES;
				GCC_WARN_UNINITIALIZED_AUTOS = YES_AGGRESSIVE;
				GCC_WARN_UNUSED_FUNCTION = YES;
				GCC_WARN_UNUSED_VARIABLE = YES;
				LOCALIZATION_PREFERS_STRING_CATALOGS = YES;
				MTL_ENABLE_DEBUG_INFO = NO;
				MTL_FAST_MATH = YES;
				SWIFT_COMPILATION_MODE = wholemodule;
			};
			name = Release;
		};
		03EAF39B2BF0885900D841F6 /* Debug */ = {
			isa = XCBuildConfiguration;
			buildSettings = {
				ASSETCATALOG_COMPILER_APPICON_NAME = AppIcon;
				ASSETCATALOG_COMPILER_GLOBAL_ACCENT_COLOR_NAME = AccentColor;
				CODE_SIGN_ENTITLEMENTS = MindCheck/MindCheck.entitlements;
				CODE_SIGN_STYLE = Automatic;
				CURRENT_PROJECT_VERSION = 1;
				DEVELOPMENT_ASSET_PATHS = "\"MindCheck/Preview Content\"";
				DEVELOPMENT_TEAM = CYWQBR8F54;
				ENABLE_HARDENED_RUNTIME = YES;
				ENABLE_PREVIEWS = YES;
				GENERATE_INFOPLIST_FILE = YES;
				"INFOPLIST_KEY_UIApplicationSceneManifest_Generation[sdk=iphoneos*]" = YES;
				"INFOPLIST_KEY_UIApplicationSceneManifest_Generation[sdk=iphonesimulator*]" = YES;
				"INFOPLIST_KEY_UIApplicationSupportsIndirectInputEvents[sdk=iphoneos*]" = YES;
				"INFOPLIST_KEY_UIApplicationSupportsIndirectInputEvents[sdk=iphonesimulator*]" = YES;
				"INFOPLIST_KEY_UILaunchScreen_Generation[sdk=iphoneos*]" = YES;
				"INFOPLIST_KEY_UILaunchScreen_Generation[sdk=iphonesimulator*]" = YES;
				"INFOPLIST_KEY_UIStatusBarStyle[sdk=iphoneos*]" = UIStatusBarStyleDefault;
				"INFOPLIST_KEY_UIStatusBarStyle[sdk=iphonesimulator*]" = UIStatusBarStyleDefault;
				INFOPLIST_KEY_UISupportedInterfaceOrientations_iPad = "UIInterfaceOrientationPortrait UIInterfaceOrientationPortraitUpsideDown UIInterfaceOrientationLandscapeLeft UIInterfaceOrientationLandscapeRight";
				INFOPLIST_KEY_UISupportedInterfaceOrientations_iPhone = "UIInterfaceOrientationPortrait UIInterfaceOrientationLandscapeLeft UIInterfaceOrientationLandscapeRight";
				IPHONEOS_DEPLOYMENT_TARGET = 17.4;
				LD_RUNPATH_SEARCH_PATHS = "@executable_path/Frameworks";
				"LD_RUNPATH_SEARCH_PATHS[sdk=macosx*]" = "@executable_path/../Frameworks";
				MACOSX_DEPLOYMENT_TARGET = 14.0;
				MARKETING_VERSION = 0.1.2.0;
				PRODUCT_BUNDLE_IDENTIFIER = carsonteams.MindCheck;
				PRODUCT_NAME = "$(TARGET_NAME)";
				SDKROOT = auto;
				SUPPORTED_PLATFORMS = "iphoneos iphonesimulator macosx";
				SWIFT_EMIT_LOC_STRINGS = YES;
				SWIFT_VERSION = 5.0;
				TARGETED_DEVICE_FAMILY = "1,2";
			};
			name = Debug;
		};
		03EAF39C2BF0885900D841F6 /* Release */ = {
			isa = XCBuildConfiguration;
			buildSettings = {
				ASSETCATALOG_COMPILER_APPICON_NAME = AppIcon;
				ASSETCATALOG_COMPILER_GLOBAL_ACCENT_COLOR_NAME = AccentColor;
				CODE_SIGN_ENTITLEMENTS = MindCheck/MindCheck.entitlements;
				CODE_SIGN_STYLE = Automatic;
				CURRENT_PROJECT_VERSION = 1;
				DEVELOPMENT_ASSET_PATHS = "\"MindCheck/Preview Content\"";
				DEVELOPMENT_TEAM = CYWQBR8F54;
				ENABLE_HARDENED_RUNTIME = YES;
				ENABLE_PREVIEWS = YES;
				GENERATE_INFOPLIST_FILE = YES;
				"INFOPLIST_KEY_UIApplicationSceneManifest_Generation[sdk=iphoneos*]" = YES;
				"INFOPLIST_KEY_UIApplicationSceneManifest_Generation[sdk=iphonesimulator*]" = YES;
				"INFOPLIST_KEY_UIApplicationSupportsIndirectInputEvents[sdk=iphoneos*]" = YES;
				"INFOPLIST_KEY_UIApplicationSupportsIndirectInputEvents[sdk=iphonesimulator*]" = YES;
				"INFOPLIST_KEY_UILaunchScreen_Generation[sdk=iphoneos*]" = YES;
				"INFOPLIST_KEY_UILaunchScreen_Generation[sdk=iphonesimulator*]" = YES;
				"INFOPLIST_KEY_UIStatusBarStyle[sdk=iphoneos*]" = UIStatusBarStyleDefault;
				"INFOPLIST_KEY_UIStatusBarStyle[sdk=iphonesimulator*]" = UIStatusBarStyleDefault;
				INFOPLIST_KEY_UISupportedInterfaceOrientations_iPad = "UIInterfaceOrientationPortrait UIInterfaceOrientationPortraitUpsideDown UIInterfaceOrientationLandscapeLeft UIInterfaceOrientationLandscapeRight";
				INFOPLIST_KEY_UISupportedInterfaceOrientations_iPhone = "UIInterfaceOrientationPortrait UIInterfaceOrientationLandscapeLeft UIInterfaceOrientationLandscapeRight";
				IPHONEOS_DEPLOYMENT_TARGET = 17.4;
				LD_RUNPATH_SEARCH_PATHS = "@executable_path/Frameworks";
				"LD_RUNPATH_SEARCH_PATHS[sdk=macosx*]" = "@executable_path/../Frameworks";
				MACOSX_DEPLOYMENT_TARGET = 14.0;
				MARKETING_VERSION = 0.1.2.0;
				PRODUCT_BUNDLE_IDENTIFIER = carsonteams.MindCheck;
				PRODUCT_NAME = "$(TARGET_NAME)";
				SDKROOT = auto;
				SUPPORTED_PLATFORMS = "iphoneos iphonesimulator macosx";
				SWIFT_EMIT_LOC_STRINGS = YES;
				SWIFT_VERSION = 5.0;
				TARGETED_DEVICE_FAMILY = "1,2";
			};
			name = Release;
		};
		03EAF39E2BF0885900D841F6 /* Debug */ = {
			isa = XCBuildConfiguration;
			buildSettings = {
				ALWAYS_EMBED_SWIFT_STANDARD_LIBRARIES = YES;
				BUNDLE_LOADER = "$(TEST_HOST)";
				CODE_SIGN_STYLE = Automatic;
				CURRENT_PROJECT_VERSION = 1;
				DEVELOPMENT_TEAM = CYWQBR8F54;
				GENERATE_INFOPLIST_FILE = YES;
				IPHONEOS_DEPLOYMENT_TARGET = 17.4;
				MACOSX_DEPLOYMENT_TARGET = 14.4;
				MARKETING_VERSION = 1.0;
				PRODUCT_BUNDLE_IDENTIFIER = carsonteams.MindCheckTests;
				PRODUCT_NAME = "$(TARGET_NAME)";
				SDKROOT = auto;
				SUPPORTED_PLATFORMS = "iphoneos iphonesimulator macosx";
				SWIFT_EMIT_LOC_STRINGS = NO;
				SWIFT_VERSION = 5.0;
				TARGETED_DEVICE_FAMILY = "1,2";
				TEST_HOST = "$(BUILT_PRODUCTS_DIR)/MindCheck.app/$(BUNDLE_EXECUTABLE_FOLDER_PATH)/MindCheck";
			};
			name = Debug;
		};
		03EAF39F2BF0885900D841F6 /* Release */ = {
			isa = XCBuildConfiguration;
			buildSettings = {
				ALWAYS_EMBED_SWIFT_STANDARD_LIBRARIES = YES;
				BUNDLE_LOADER = "$(TEST_HOST)";
				CODE_SIGN_STYLE = Automatic;
				CURRENT_PROJECT_VERSION = 1;
				DEVELOPMENT_TEAM = CYWQBR8F54;
				GENERATE_INFOPLIST_FILE = YES;
				IPHONEOS_DEPLOYMENT_TARGET = 17.4;
				MACOSX_DEPLOYMENT_TARGET = 14.4;
				MARKETING_VERSION = 1.0;
				PRODUCT_BUNDLE_IDENTIFIER = carsonteams.MindCheckTests;
				PRODUCT_NAME = "$(TARGET_NAME)";
				SDKROOT = auto;
				SUPPORTED_PLATFORMS = "iphoneos iphonesimulator macosx";
				SWIFT_EMIT_LOC_STRINGS = NO;
				SWIFT_VERSION = 5.0;
				TARGETED_DEVICE_FAMILY = "1,2";
				TEST_HOST = "$(BUILT_PRODUCTS_DIR)/MindCheck.app/$(BUNDLE_EXECUTABLE_FOLDER_PATH)/MindCheck";
			};
			name = Release;
		};
		03EAF3A12BF0885900D841F6 /* Debug */ = {
			isa = XCBuildConfiguration;
			buildSettings = {
				ALWAYS_EMBED_SWIFT_STANDARD_LIBRARIES = YES;
				CODE_SIGN_STYLE = Automatic;
				CURRENT_PROJECT_VERSION = 1;
				DEVELOPMENT_TEAM = CYWQBR8F54;
				GENERATE_INFOPLIST_FILE = YES;
				IPHONEOS_DEPLOYMENT_TARGET = 17.4;
				MACOSX_DEPLOYMENT_TARGET = 14.4;
				MARKETING_VERSION = 1.0;
				PRODUCT_BUNDLE_IDENTIFIER = carsonteams.MindCheckUITests;
				PRODUCT_NAME = "$(TARGET_NAME)";
				SDKROOT = auto;
				SUPPORTED_PLATFORMS = "iphoneos iphonesimulator macosx";
				SWIFT_EMIT_LOC_STRINGS = NO;
				SWIFT_VERSION = 5.0;
				TARGETED_DEVICE_FAMILY = "1,2";
				TEST_TARGET_NAME = MindCheck;
			};
			name = Debug;
		};
		03EAF3A22BF0885900D841F6 /* Release */ = {
			isa = XCBuildConfiguration;
			buildSettings = {
				ALWAYS_EMBED_SWIFT_STANDARD_LIBRARIES = YES;
				CODE_SIGN_STYLE = Automatic;
				CURRENT_PROJECT_VERSION = 1;
				DEVELOPMENT_TEAM = CYWQBR8F54;
				GENERATE_INFOPLIST_FILE = YES;
				IPHONEOS_DEPLOYMENT_TARGET = 17.4;
				MACOSX_DEPLOYMENT_TARGET = 14.4;
				MARKETING_VERSION = 1.0;
				PRODUCT_BUNDLE_IDENTIFIER = carsonteams.MindCheckUITests;
				PRODUCT_NAME = "$(TARGET_NAME)";
				SDKROOT = auto;
				SUPPORTED_PLATFORMS = "iphoneos iphonesimulator macosx";
				SWIFT_EMIT_LOC_STRINGS = NO;
				SWIFT_VERSION = 5.0;
				TARGETED_DEVICE_FAMILY = "1,2";
				TEST_TARGET_NAME = MindCheck;
			};
			name = Release;
		};
/* End XCBuildConfiguration section */

/* Begin XCConfigurationList section */
		03EAF36E2BF0885800D841F6 /* Build configuration list for PBXProject "MindCheck" */ = {
			isa = XCConfigurationList;
			buildConfigurations = (
				03EAF3982BF0885900D841F6 /* Debug */,
				03EAF3992BF0885900D841F6 /* Release */,
			);
			defaultConfigurationIsVisible = 0;
			defaultConfigurationName = Release;
		};
		03EAF39A2BF0885900D841F6 /* Build configuration list for PBXNativeTarget "MindCheck" */ = {
			isa = XCConfigurationList;
			buildConfigurations = (
				03EAF39B2BF0885900D841F6 /* Debug */,
				03EAF39C2BF0885900D841F6 /* Release */,
			);
			defaultConfigurationIsVisible = 0;
			defaultConfigurationName = Release;
		};
		03EAF39D2BF0885900D841F6 /* Build configuration list for PBXNativeTarget "MindCheckTests" */ = {
			isa = XCConfigurationList;
			buildConfigurations = (
				03EAF39E2BF0885900D841F6 /* Debug */,
				03EAF39F2BF0885900D841F6 /* Release */,
			);
			defaultConfigurationIsVisible = 0;
			defaultConfigurationName = Release;
		};
		03EAF3A02BF0885900D841F6 /* Build configuration list for PBXNativeTarget "MindCheckUITests" */ = {
			isa = XCConfigurationList;
			buildConfigurations = (
				03EAF3A12BF0885900D841F6 /* Debug */,
				03EAF3A22BF0885900D841F6 /* Release */,
			);
			defaultConfigurationIsVisible = 0;
			defaultConfigurationName = Release;
		};
/* End XCConfigurationList section */

/* Begin XCRemoteSwiftPackageReference section */
		032BC4472BF8A44200FD9D72 /* XCRemoteSwiftPackageReference "ChartView" */ = {
			isa = XCRemoteSwiftPackageReference;
			repositoryURL = "https://github.com/AppPear/ChartView.git";
			requirement = {
				kind = upToNextMajorVersion;
				minimumVersion = 1.5.5;
			};
		};
/* End XCRemoteSwiftPackageReference section */
	};
	rootObject = 03EAF36B2BF0885800D841F6 /* Project object */;
}
