// !$*UTF8*$!
{
	archiveVersion = 1;
	classes = {
	};
	objectVersion = 60;
	objects = {

/* Begin PBXBuildFile section */
		03265C5F2AF79046005FC816 /* ConversationView.swift in Sources */ = {isa = PBXBuildFile; fileRef = 03265C5E2AF79046005FC816 /* ConversationView.swift */; };
		03265C612AF7B063005FC816 /* VoiceView.swift in Sources */ = {isa = PBXBuildFile; fileRef = 03265C602AF7B063005FC816 /* VoiceView.swift */; };
		03265C632AFA86A9005FC816 /* CreateView.swift in Sources */ = {isa = PBXBuildFile; fileRef = 03265C622AFA86A9005FC816 /* CreateView.swift */; };
		03265C652AFA89EB005FC816 /* MenuView.swift in Sources */ = {isa = PBXBuildFile; fileRef = 03265C642AFA89EB005FC816 /* MenuView.swift */; };
		03265C672AFD0795005FC816 /* TrainView.swift in Sources */ = {isa = PBXBuildFile; fileRef = 03265C662AFD0795005FC816 /* TrainView.swift */; };
		032BC48D2BFDACA000FD9D72 /* Launch Screen.storyboard in Resources */ = {isa = PBXBuildFile; fileRef = 032BC48C2BFDACA000FD9D72 /* Launch Screen.storyboard */; };
		0385B5842BB937FA002BC531 /* CreditsView.swift in Sources */ = {isa = PBXBuildFile; fileRef = 0385B5832BB937FA002BC531 /* CreditsView.swift */; };
		039C4C622BB973320067B456 /* LoginView.swift in Sources */ = {isa = PBXBuildFile; fileRef = 039C4C612BB973320067B456 /* LoginView.swift */; };
		039C4C692BB9793D0067B456 /* SignUpView.swift in Sources */ = {isa = PBXBuildFile; fileRef = 039C4C682BB9793D0067B456 /* SignUpView.swift */; };
		039C4C6B2BB9A8CE0067B456 /* AccountView.swift in Sources */ = {isa = PBXBuildFile; fileRef = 039C4C6A2BB9A8CE0067B456 /* AccountView.swift */; };
		039C4C712BBAAC890067B456 /* Localizable.strings in Resources */ = {isa = PBXBuildFile; fileRef = 039C4C6F2BBAAC890067B456 /* Localizable.strings */; };
		03A9F5612B7A3A22007D4B98 /* SettingView.swift in Sources */ = {isa = PBXBuildFile; fileRef = 03A9F5602B7A3A22007D4B98 /* SettingView.swift */; };
		03A9F5692B7BB5F7007D4B98 /* sentence.txt in Resources */ = {isa = PBXBuildFile; fileRef = 03A9F5682B7BB5F7007D4B98 /* sentence.txt */; };
		03C793F52B81FC76002BFFB5 /* Assets.xcassets in Resources */ = {isa = PBXBuildFile; fileRef = 03C793F42B81FC76002BFFB5 /* Assets.xcassets */; };
		03F300CD2AF6049D0088F7C3 /* A_N_A_App.swift in Sources */ = {isa = PBXBuildFile; fileRef = 03F300CC2AF6049D0088F7C3 /* A_N_A_App.swift */; };
		03F300DF2AF6049E0088F7C3 /* A_N_A_Tests.swift in Sources */ = {isa = PBXBuildFile; fileRef = 03F300DE2AF6049E0088F7C3 /* A_N_A_Tests.swift */; };
		03F300E92AF6049E0088F7C3 /* A_N_A_UITests.swift in Sources */ = {isa = PBXBuildFile; fileRef = 03F300E82AF6049E0088F7C3 /* A_N_A_UITests.swift */; };
		03F300EB2AF6049E0088F7C3 /* A_N_A_UITestsLaunchTests.swift in Sources */ = {isa = PBXBuildFile; fileRef = 03F300EA2AF6049E0088F7C3 /* A_N_A_UITestsLaunchTests.swift */; };
		03F300F72AF607780088F7C3 /* A_N_A_App.swift in Sources */ = {isa = PBXBuildFile; fileRef = 03F300CC2AF6049D0088F7C3 /* A_N_A_App.swift */; };
		03F300F82AF607790088F7C3 /* A_N_A_App.swift in Sources */ = {isa = PBXBuildFile; fileRef = 03F300CC2AF6049D0088F7C3 /* A_N_A_App.swift */; };
		03F301092AF78E7C0088F7C3 /* ContentView.swift in Sources */ = {isa = PBXBuildFile; fileRef = 03F301082AF78E7C0088F7C3 /* ContentView.swift */; };
/* End PBXBuildFile section */

/* Begin PBXContainerItemProxy section */
		03F300DB2AF6049E0088F7C3 /* PBXContainerItemProxy */ = {
			isa = PBXContainerItemProxy;
			containerPortal = 03F300C12AF6049D0088F7C3 /* Project object */;
			proxyType = 1;
			remoteGlobalIDString = 03F300C82AF6049D0088F7C3;
			remoteInfo = A.N.A.;
		};
		03F300E52AF6049E0088F7C3 /* PBXContainerItemProxy */ = {
			isa = PBXContainerItemProxy;
			containerPortal = 03F300C12AF6049D0088F7C3 /* Project object */;
			proxyType = 1;
			remoteGlobalIDString = 03F300C82AF6049D0088F7C3;
			remoteInfo = A.N.A.;
		};
/* End PBXContainerItemProxy section */

/* Begin PBXFileReference section */
		03265C5E2AF79046005FC816 /* ConversationView.swift */ = {isa = PBXFileReference; lastKnownFileType = sourcecode.swift; path = ConversationView.swift; sourceTree = "<group>"; };
		03265C602AF7B063005FC816 /* VoiceView.swift */ = {isa = PBXFileReference; lastKnownFileType = sourcecode.swift; path = VoiceView.swift; sourceTree = "<group>"; };
		03265C622AFA86A9005FC816 /* CreateView.swift */ = {isa = PBXFileReference; lastKnownFileType = sourcecode.swift; path = CreateView.swift; sourceTree = "<group>"; };
		03265C642AFA89EB005FC816 /* MenuView.swift */ = {isa = PBXFileReference; lastKnownFileType = sourcecode.swift; path = MenuView.swift; sourceTree = "<group>"; };
		03265C662AFD0795005FC816 /* TrainView.swift */ = {isa = PBXFileReference; lastKnownFileType = sourcecode.swift; path = TrainView.swift; sourceTree = "<group>"; };
		032BC48C2BFDACA000FD9D72 /* Launch Screen.storyboard */ = {isa = PBXFileReference; lastKnownFileType = file.storyboard; path = "Launch Screen.storyboard"; sourceTree = "<group>"; };
		0385B5832BB937FA002BC531 /* CreditsView.swift */ = {isa = PBXFileReference; lastKnownFileType = sourcecode.swift; path = CreditsView.swift; sourceTree = "<group>"; };
		039C4C612BB973320067B456 /* LoginView.swift */ = {isa = PBXFileReference; lastKnownFileType = sourcecode.swift; path = LoginView.swift; sourceTree = "<group>"; };
		039C4C682BB9793D0067B456 /* SignUpView.swift */ = {isa = PBXFileReference; lastKnownFileType = sourcecode.swift; path = SignUpView.swift; sourceTree = "<group>"; };
		039C4C6A2BB9A8CE0067B456 /* AccountView.swift */ = {isa = PBXFileReference; lastKnownFileType = sourcecode.swift; path = AccountView.swift; sourceTree = "<group>"; };
		039C4C702BBAAC890067B456 /* en */ = {isa = PBXFileReference; lastKnownFileType = text.plist.strings; name = en; path = en.lproj/Localizable.strings; sourceTree = "<group>"; };
		039C4C722BBAACDB0067B456 /* zh-HK */ = {isa = PBXFileReference; lastKnownFileType = text.plist.strings; name = "zh-HK"; path = "zh-HK.lproj/Localizable.strings"; sourceTree = "<group>"; };
		03A9F5542B7A056D007D4B98 /* A-N-A--Info.plist */ = {isa = PBXFileReference; lastKnownFileType = text.plist; path = "A-N-A--Info.plist"; sourceTree = SOURCE_ROOT; };
		03A9F5552B7A3344007D4B98 /* A.N.A.Debug.entitlements */ = {isa = PBXFileReference; lastKnownFileType = text.plist.entitlements; path = A.N.A.Debug.entitlements; sourceTree = "<group>"; };
		03A9F5602B7A3A22007D4B98 /* SettingView.swift */ = {isa = PBXFileReference; fileEncoding = 4; lastKnownFileType = sourcecode.swift; path = SettingView.swift; sourceTree = "<group>"; };
		03A9F5682B7BB5F7007D4B98 /* sentence.txt */ = {isa = PBXFileReference; lastKnownFileType = text; path = sentence.txt; sourceTree = "<group>"; };
		03C793F42B81FC76002BFFB5 /* Assets.xcassets */ = {isa = PBXFileReference; lastKnownFileType = folder.assetcatalog; path = Assets.xcassets; sourceTree = "<group>"; };
		03F300C92AF6049D0088F7C3 /* A.N.A..app */ = {isa = PBXFileReference; explicitFileType = wrapper.application; includeInIndex = 0; path = A.N.A..app; sourceTree = BUILT_PRODUCTS_DIR; };
		03F300CC2AF6049D0088F7C3 /* A_N_A_App.swift */ = {isa = PBXFileReference; lastKnownFileType = sourcecode.swift; path = A_N_A_App.swift; sourceTree = "<group>"; };
		03F300D22AF6049E0088F7C3 /* A_N_A_.entitlements */ = {isa = PBXFileReference; lastKnownFileType = text.plist.entitlements; path = A_N_A_.entitlements; sourceTree = "<group>"; };
		03F300DA2AF6049E0088F7C3 /* A.N.A.Tests.xctest */ = {isa = PBXFileReference; explicitFileType = wrapper.cfbundle; includeInIndex = 0; path = A.N.A.Tests.xctest; sourceTree = BUILT_PRODUCTS_DIR; };
		03F300DE2AF6049E0088F7C3 /* A_N_A_Tests.swift */ = {isa = PBXFileReference; lastKnownFileType = sourcecode.swift; path = A_N_A_Tests.swift; sourceTree = "<group>"; };
		03F300E42AF6049E0088F7C3 /* A.N.A.UITests.xctest */ = {isa = PBXFileReference; explicitFileType = wrapper.cfbundle; includeInIndex = 0; path = A.N.A.UITests.xctest; sourceTree = BUILT_PRODUCTS_DIR; };
		03F300E82AF6049E0088F7C3 /* A_N_A_UITests.swift */ = {isa = PBXFileReference; lastKnownFileType = sourcecode.swift; path = A_N_A_UITests.swift; sourceTree = "<group>"; };
		03F300EA2AF6049E0088F7C3 /* A_N_A_UITestsLaunchTests.swift */ = {isa = PBXFileReference; lastKnownFileType = sourcecode.swift; path = A_N_A_UITestsLaunchTests.swift; sourceTree = "<group>"; };
		03F301082AF78E7C0088F7C3 /* ContentView.swift */ = {isa = PBXFileReference; lastKnownFileType = sourcecode.swift; name = ContentView.swift; path = /Users/tszsanwu/Documents/A.N.A./A.N.A./ContentView.swift; sourceTree = "<absolute>"; };
/* End PBXFileReference section */

/* Begin PBXFrameworksBuildPhase section */
		03F300C62AF6049D0088F7C3 /* Frameworks */ = {
			isa = PBXFrameworksBuildPhase;
			buildActionMask = 2147483647;
			files = (
			);
			runOnlyForDeploymentPostprocessing = 0;
		};
		03F300D72AF6049E0088F7C3 /* Frameworks */ = {
			isa = PBXFrameworksBuildPhase;
			buildActionMask = 2147483647;
			files = (
			);
			runOnlyForDeploymentPostprocessing = 0;
		};
		03F300E12AF6049E0088F7C3 /* Frameworks */ = {
			isa = PBXFrameworksBuildPhase;
			buildActionMask = 2147483647;
			files = (
			);
			runOnlyForDeploymentPostprocessing = 0;
		};
/* End PBXFrameworksBuildPhase section */

/* Begin PBXGroup section */
		03A9F5672B7BB5B7007D4B98 /* Supporting Files */ = {
			isa = PBXGroup;
			children = (
				03A9F5682B7BB5F7007D4B98 /* sentence.txt */,
			);
			path = "Supporting Files";
			sourceTree = "<group>";
		};
		03F300C02AF6049D0088F7C3 = {
			isa = PBXGroup;
			children = (
				03F300CB2AF6049D0088F7C3 /* A.N.A. */,
				03F300DD2AF6049E0088F7C3 /* A.N.A.Tests */,
				03F300E72AF6049E0088F7C3 /* A.N.A.UITests */,
				03F300CA2AF6049D0088F7C3 /* Products */,
			);
			sourceTree = "<group>";
			usesTabs = 0;
		};
		03F300CA2AF6049D0088F7C3 /* Products */ = {
			isa = PBXGroup;
			children = (
				03F300C92AF6049D0088F7C3 /* A.N.A..app */,
				03F300DA2AF6049E0088F7C3 /* A.N.A.Tests.xctest */,
				03F300E42AF6049E0088F7C3 /* A.N.A.UITests.xctest */,
			);
			name = Products;
			sourceTree = "<group>";
		};
		03F300CB2AF6049D0088F7C3 /* A.N.A. */ = {
			isa = PBXGroup;
			children = (
				03A9F5552B7A3344007D4B98 /* A.N.A.Debug.entitlements */,
				03A9F5542B7A056D007D4B98 /* A-N-A--Info.plist */,
				03F300CC2AF6049D0088F7C3 /* A_N_A_App.swift */,
				03F301082AF78E7C0088F7C3 /* ContentView.swift */,
				032BC48C2BFDACA000FD9D72 /* Launch Screen.storyboard */,
				039C4C6A2BB9A8CE0067B456 /* AccountView.swift */,
				039C4C6F2BBAAC890067B456 /* Localizable.strings */,
				03265C602AF7B063005FC816 /* VoiceView.swift */,
				03265C5E2AF79046005FC816 /* ConversationView.swift */,
				03265C662AFD0795005FC816 /* TrainView.swift */,
				03265C622AFA86A9005FC816 /* CreateView.swift */,
				03265C642AFA89EB005FC816 /* MenuView.swift */,
				0385B5832BB937FA002BC531 /* CreditsView.swift */,
				03A9F5602B7A3A22007D4B98 /* SettingView.swift */,
				039C4C682BB9793D0067B456 /* SignUpView.swift */,
				039C4C612BB973320067B456 /* LoginView.swift */,
				03C793F42B81FC76002BFFB5 /* Assets.xcassets */,
				03A9F5672B7BB5B7007D4B98 /* Supporting Files */,
				03F300D22AF6049E0088F7C3 /* A_N_A_.entitlements */,
				03F300D32AF6049E0088F7C3 /* Preview Content */,
			);
			path = A.N.A.;
			sourceTree = "<group>";
		};
		03F300D32AF6049E0088F7C3 /* Preview Content */ = {
			isa = PBXGroup;
			children = (
			);
			path = "Preview Content";
			sourceTree = "<group>";
		};
		03F300DD2AF6049E0088F7C3 /* A.N.A.Tests */ = {
			isa = PBXGroup;
			children = (
				03F300DE2AF6049E0088F7C3 /* A_N_A_Tests.swift */,
			);
			path = A.N.A.Tests;
			sourceTree = "<group>";
		};
		03F300E72AF6049E0088F7C3 /* A.N.A.UITests */ = {
			isa = PBXGroup;
			children = (
				03F300E82AF6049E0088F7C3 /* A_N_A_UITests.swift */,
				03F300EA2AF6049E0088F7C3 /* A_N_A_UITestsLaunchTests.swift */,
			);
			path = A.N.A.UITests;
			sourceTree = "<group>";
		};
/* End PBXGroup section */

/* Begin PBXNativeTarget section */
		03F300C82AF6049D0088F7C3 /* A.N.A. */ = {
			isa = PBXNativeTarget;
			buildConfigurationList = 03F300EE2AF6049E0088F7C3 /* Build configuration list for PBXNativeTarget "A.N.A." */;
			buildPhases = (
				03F300C52AF6049D0088F7C3 /* Sources */,
				03F300C62AF6049D0088F7C3 /* Frameworks */,
				03F300C72AF6049D0088F7C3 /* Resources */,
			);
			buildRules = (
			);
			dependencies = (
			);
			name = A.N.A.;
			productName = A.N.A.;
			productReference = 03F300C92AF6049D0088F7C3 /* A.N.A..app */;
			productType = "com.apple.product-type.application";
		};
		03F300D92AF6049E0088F7C3 /* A.N.A.Tests */ = {
			isa = PBXNativeTarget;
			buildConfigurationList = 03F300F12AF6049E0088F7C3 /* Build configuration list for PBXNativeTarget "A.N.A.Tests" */;
			buildPhases = (
				03F300D62AF6049E0088F7C3 /* Sources */,
				03F300D72AF6049E0088F7C3 /* Frameworks */,
				03F300D82AF6049E0088F7C3 /* Resources */,
			);
			buildRules = (
			);
			dependencies = (
				03F300DC2AF6049E0088F7C3 /* PBXTargetDependency */,
			);
			name = A.N.A.Tests;
			productName = A.N.A.Tests;
			productReference = 03F300DA2AF6049E0088F7C3 /* A.N.A.Tests.xctest */;
			productType = "com.apple.product-type.bundle.unit-test";
		};
		03F300E32AF6049E0088F7C3 /* A.N.A.UITests */ = {
			isa = PBXNativeTarget;
			buildConfigurationList = 03F300F42AF6049E0088F7C3 /* Build configuration list for PBXNativeTarget "A.N.A.UITests" */;
			buildPhases = (
				03F300E02AF6049E0088F7C3 /* Sources */,
				03F300E12AF6049E0088F7C3 /* Frameworks */,
				03F300E22AF6049E0088F7C3 /* Resources */,
			);
			buildRules = (
			);
			dependencies = (
				03F300E62AF6049E0088F7C3 /* PBXTargetDependency */,
			);
			name = A.N.A.UITests;
			productName = A.N.A.UITests;
			productReference = 03F300E42AF6049E0088F7C3 /* A.N.A.UITests.xctest */;
			productType = "com.apple.product-type.bundle.ui-testing";
		};
/* End PBXNativeTarget section */

/* Begin PBXProject section */
		03F300C12AF6049D0088F7C3 /* Project object */ = {
			isa = PBXProject;
			attributes = {
				BuildIndependentTargetsInParallel = 1;
				LastSwiftUpdateCheck = 1500;
				LastUpgradeCheck = 1520;
				TargetAttributes = {
					03F300C82AF6049D0088F7C3 = {
						CreatedOnToolsVersion = 15.0.1;
					};
					03F300D92AF6049E0088F7C3 = {
						CreatedOnToolsVersion = 15.0.1;
						TestTargetID = 03F300C82AF6049D0088F7C3;
					};
					03F300E32AF6049E0088F7C3 = {
						CreatedOnToolsVersion = 15.0.1;
						TestTargetID = 03F300C82AF6049D0088F7C3;
					};
				};
			};
			buildConfigurationList = 03F300C42AF6049D0088F7C3 /* Build configuration list for PBXProject "A.N.A." */;
			compatibilityVersion = "Xcode 15.0";
			developmentRegion = en;
			hasScannedForEncodings = 0;
			knownRegions = (
				en,
				"zh-HK",
				Base,
			);
			mainGroup = 03F300C02AF6049D0088F7C3;
			productRefGroup = 03F300CA2AF6049D0088F7C3 /* Products */;
			projectDirPath = "";
			projectRoot = "";
			targets = (
				03F300C82AF6049D0088F7C3 /* A.N.A. */,
				03F300D92AF6049E0088F7C3 /* A.N.A.Tests */,
				03F300E32AF6049E0088F7C3 /* A.N.A.UITests */,
			);
		};
/* End PBXProject section */

/* Begin PBXResourcesBuildPhase section */
		03F300C72AF6049D0088F7C3 /* Resources */ = {
			isa = PBXResourcesBuildPhase;
			buildActionMask = 2147483647;
			files = (
				039C4C712BBAAC890067B456 /* Localizable.strings in Resources */,
				03C793F52B81FC76002BFFB5 /* Assets.xcassets in Resources */,
				032BC48D2BFDACA000FD9D72 /* Launch Screen.storyboard in Resources */,
				03A9F5692B7BB5F7007D4B98 /* sentence.txt in Resources */,
			);
			runOnlyForDeploymentPostprocessing = 0;
		};
		03F300D82AF6049E0088F7C3 /* Resources */ = {
			isa = PBXResourcesBuildPhase;
			buildActionMask = 2147483647;
			files = (
			);
			runOnlyForDeploymentPostprocessing = 0;
		};
		03F300E22AF6049E0088F7C3 /* Resources */ = {
			isa = PBXResourcesBuildPhase;
			buildActionMask = 2147483647;
			files = (
			);
			runOnlyForDeploymentPostprocessing = 0;
		};
/* End PBXResourcesBuildPhase section */

/* Begin PBXSourcesBuildPhase section */
		03F300C52AF6049D0088F7C3 /* Sources */ = {
			isa = PBXSourcesBuildPhase;
			buildActionMask = 2147483647;
			files = (
				039C4C6B2BB9A8CE0067B456 /* AccountView.swift in Sources */,
				03265C672AFD0795005FC816 /* TrainView.swift in Sources */,
				03265C632AFA86A9005FC816 /* CreateView.swift in Sources */,
				03265C652AFA89EB005FC816 /* MenuView.swift in Sources */,
				03F301092AF78E7C0088F7C3 /* ContentView.swift in Sources */,
				03F300CD2AF6049D0088F7C3 /* A_N_A_App.swift in Sources */,
				039C4C692BB9793D0067B456 /* SignUpView.swift in Sources */,
				03A9F5612B7A3A22007D4B98 /* SettingView.swift in Sources */,
				0385B5842BB937FA002BC531 /* CreditsView.swift in Sources */,
				03265C5F2AF79046005FC816 /* ConversationView.swift in Sources */,
				039C4C622BB973320067B456 /* LoginView.swift in Sources */,
				03265C612AF7B063005FC816 /* VoiceView.swift in Sources */,
			);
			runOnlyForDeploymentPostprocessing = 0;
		};
		03F300D62AF6049E0088F7C3 /* Sources */ = {
			isa = PBXSourcesBuildPhase;
			buildActionMask = 2147483647;
			files = (
				03F300F72AF607780088F7C3 /* A_N_A_App.swift in Sources */,
				03F300DF2AF6049E0088F7C3 /* A_N_A_Tests.swift in Sources */,
			);
			runOnlyForDeploymentPostprocessing = 0;
		};
		03F300E02AF6049E0088F7C3 /* Sources */ = {
			isa = PBXSourcesBuildPhase;
			buildActionMask = 2147483647;
			files = (
				03F300F82AF607790088F7C3 /* A_N_A_App.swift in Sources */,
				03F300E92AF6049E0088F7C3 /* A_N_A_UITests.swift in Sources */,
				03F300EB2AF6049E0088F7C3 /* A_N_A_UITestsLaunchTests.swift in Sources */,
			);
			runOnlyForDeploymentPostprocessing = 0;
		};
/* End PBXSourcesBuildPhase section */

/* Begin PBXTargetDependency section */
		03F300DC2AF6049E0088F7C3 /* PBXTargetDependency */ = {
			isa = PBXTargetDependency;
			target = 03F300C82AF6049D0088F7C3 /* A.N.A. */;
			targetProxy = 03F300DB2AF6049E0088F7C3 /* PBXContainerItemProxy */;
		};
		03F300E62AF6049E0088F7C3 /* PBXTargetDependency */ = {
			isa = PBXTargetDependency;
			target = 03F300C82AF6049D0088F7C3 /* A.N.A. */;
			targetProxy = 03F300E52AF6049E0088F7C3 /* PBXContainerItemProxy */;
		};
/* End PBXTargetDependency section */

/* Begin PBXVariantGroup section */
		039C4C6F2BBAAC890067B456 /* Localizable.strings */ = {
			isa = PBXVariantGroup;
			children = (
				039C4C702BBAAC890067B456 /* en */,
				039C4C722BBAACDB0067B456 /* zh-HK */,
			);
			name = Localizable.strings;
			sourceTree = "<group>";
		};
/* End PBXVariantGroup section */

/* Begin XCBuildConfiguration section */
		03F300EC2AF6049E0088F7C3 /* Debug */ = {
			isa = XCBuildConfiguration;
			buildSettings = {
				ALWAYS_SEARCH_USER_PATHS = NO;
				ASSETCATALOG_COMPILER_GENERATE_SWIFT_ASSET_SYMBOL_EXTENSIONS = YES;
				CLANG_ANALYZER_NONNULL = YES;
				CLANG_ANALYZER_NUMBER_OBJECT_CONVERSION = YES_AGGRESSIVE;
				CLANG_CXX_LANGUAGE_STANDARD = "gnu++20";
				CLANG_ENABLE_MODULES = YES;
				CLANG_ENABLE_OBJC_ARC = YES;
				CLANG_ENABLE_OBJC_WEAK = YES;
				CLANG_WARN_BLOCK_CAPTURE_AUTORELEASING = YES;
				CLANG_WARN_BOOL_CONVERSION = YES;
				CLANG_WARN_COMMA = YES;
				CLANG_WARN_CONSTANT_CONVERSION = YES;
				CLANG_WARN_DEPRECATED_OBJC_IMPLEMENTATIONS = YES;
				CLANG_WARN_DIRECT_OBJC_ISA_USAGE = YES_ERROR;
				CLANG_WARN_DOCUMENTATION_COMMENTS = YES;
				CLANG_WARN_EMPTY_BODY = YES;
				CLANG_WARN_ENUM_CONVERSION = YES;
				CLANG_WARN_INFINITE_RECURSION = YES;
				CLANG_WARN_INT_CONVERSION = YES;
				CLANG_WARN_NON_LITERAL_NULL_CONVERSION = YES;
				CLANG_WARN_OBJC_IMPLICIT_RETAIN_SELF = YES;
				CLANG_WARN_OBJC_LITERAL_CONVERSION = YES;
				CLANG_WARN_OBJC_ROOT_CLASS = YES_ERROR;
				CLANG_WARN_QUOTED_INCLUDE_IN_FRAMEWORK_HEADER = YES;
				CLANG_WARN_RANGE_LOOP_ANALYSIS = YES;
				CLANG_WARN_STRICT_PROTOTYPES = YES;
				CLANG_WARN_SUSPICIOUS_MOVE = YES;
				CLANG_WARN_UNGUARDED_AVAILABILITY = YES_AGGRESSIVE;
				CLANG_WARN_UNREACHABLE_CODE = YES;
				CLANG_WARN__DUPLICATE_METHOD_MATCH = YES;
				COPY_PHASE_STRIP = NO;
				DEAD_CODE_STRIPPING = YES;
				DEBUG_INFORMATION_FORMAT = dwarf;
				ENABLE_STRICT_OBJC_MSGSEND = YES;
				ENABLE_TESTABILITY = YES;
				ENABLE_USER_SCRIPT_SANDBOXING = YES;
				GCC_C_LANGUAGE_STANDARD = gnu17;
				GCC_DYNAMIC_NO_PIC = NO;
				GCC_NO_COMMON_BLOCKS = YES;
				GCC_OPTIMIZATION_LEVEL = 0;
				GCC_PREPROCESSOR_DEFINITIONS = (
					"DEBUG=1",
					"$(inherited)",
				);
				GCC_WARN_64_TO_32_BIT_CONVERSION = YES;
				GCC_WARN_ABOUT_RETURN_TYPE = YES_ERROR;
				GCC_WARN_UNDECLARED_SELECTOR = YES;
				GCC_WARN_UNINITIALIZED_AUTOS = YES_AGGRESSIVE;
				GCC_WARN_UNUSED_FUNCTION = YES;
				GCC_WARN_UNUSED_VARIABLE = YES;
				IPHONEOS_DEPLOYMENT_TARGET = 12.0;
				LOCALIZATION_PREFERS_STRING_CATALOGS = YES;
				MACOSX_DEPLOYMENT_TARGET = 10.13;
				MTL_ENABLE_DEBUG_INFO = INCLUDE_SOURCE;
				MTL_FAST_MATH = YES;
				ONLY_ACTIVE_ARCH = YES;
				SWIFT_ACTIVE_COMPILATION_CONDITIONS = "DEBUG $(inherited)";
				SWIFT_OPTIMIZATION_LEVEL = "-Onone";
			};
			name = Debug;
		};
		03F300ED2AF6049E0088F7C3 /* Release */ = {
			isa = XCBuildConfiguration;
			buildSettings = {
				ALWAYS_SEARCH_USER_PATHS = NO;
				ASSETCATALOG_COMPILER_GENERATE_SWIFT_ASSET_SYMBOL_EXTENSIONS = YES;
				CLANG_ANALYZER_NONNULL = YES;
				CLANG_ANALYZER_NUMBER_OBJECT_CONVERSION = YES_AGGRESSIVE;
				CLANG_CXX_LANGUAGE_STANDARD = "gnu++20";
				CLANG_ENABLE_MODULES = YES;
				CLANG_ENABLE_OBJC_ARC = YES;
				CLANG_ENABLE_OBJC_WEAK = YES;
				CLANG_WARN_BLOCK_CAPTURE_AUTORELEASING = YES;
				CLANG_WARN_BOOL_CONVERSION = YES;
				CLANG_WARN_COMMA = YES;
				CLANG_WARN_CONSTANT_CONVERSION = YES;
				CLANG_WARN_DEPRECATED_OBJC_IMPLEMENTATIONS = YES;
				CLANG_WARN_DIRECT_OBJC_ISA_USAGE = YES_ERROR;
				CLANG_WARN_DOCUMENTATION_COMMENTS = YES;
				CLANG_WARN_EMPTY_BODY = YES;
				CLANG_WARN_ENUM_CONVERSION = YES;
				CLANG_WARN_INFINITE_RECURSION = YES;
				CLANG_WARN_INT_CONVERSION = YES;
				CLANG_WARN_NON_LITERAL_NULL_CONVERSION = YES;
				CLANG_WARN_OBJC_IMPLICIT_RETAIN_SELF = YES;
				CLANG_WARN_OBJC_LITERAL_CONVERSION = YES;
				CLANG_WARN_OBJC_ROOT_CLASS = YES_ERROR;
				CLANG_WARN_QUOTED_INCLUDE_IN_FRAMEWORK_HEADER = YES;
				CLANG_WARN_RANGE_LOOP_ANALYSIS = YES;
				CLANG_WARN_STRICT_PROTOTYPES = YES;
				CLANG_WARN_SUSPICIOUS_MOVE = YES;
				CLANG_WARN_UNGUARDED_AVAILABILITY = YES_AGGRESSIVE;
				CLANG_WARN_UNREACHABLE_CODE = YES;
				CLANG_WARN__DUPLICATE_METHOD_MATCH = YES;
				COPY_PHASE_STRIP = NO;
				DEAD_CODE_STRIPPING = YES;
				DEBUG_INFORMATION_FORMAT = "dwarf-with-dsym";
				ENABLE_NS_ASSERTIONS = NO;
				ENABLE_STRICT_OBJC_MSGSEND = YES;
				ENABLE_USER_SCRIPT_SANDBOXING = YES;
				GCC_C_LANGUAGE_STANDARD = gnu17;
				GCC_NO_COMMON_BLOCKS = YES;
				GCC_WARN_64_TO_32_BIT_CONVERSION = YES;
				GCC_WARN_ABOUT_RETURN_TYPE = YES_ERROR;
				GCC_WARN_UNDECLARED_SELECTOR = YES;
				GCC_WARN_UNINITIALIZED_AUTOS = YES_AGGRESSIVE;
				GCC_WARN_UNUSED_FUNCTION = YES;
				GCC_WARN_UNUSED_VARIABLE = YES;
				IPHONEOS_DEPLOYMENT_TARGET = 12.0;
				LOCALIZATION_PREFERS_STRING_CATALOGS = YES;
				MACOSX_DEPLOYMENT_TARGET = 10.13;
				MTL_ENABLE_DEBUG_INFO = NO;
				MTL_FAST_MATH = YES;
				SWIFT_COMPILATION_MODE = wholemodule;
			};
			name = Release;
		};
		03F300EF2AF6049E0088F7C3 /* Debug */ = {
			isa = XCBuildConfiguration;
			buildSettings = {
				ASSETCATALOG_COMPILER_APPICON_NAME = AppIcon;
				ASSETCATALOG_COMPILER_GLOBAL_ACCENT_COLOR_NAME = AccentColor;
				ASSETCATALOG_COMPILER_INCLUDE_ALL_APPICON_ASSETS = NO;
				CODE_SIGN_ENTITLEMENTS = A.N.A./A.N.A.Debug.entitlements;
				"CODE_SIGN_IDENTITY[sdk=macosx*]" = "Apple Development";
				CODE_SIGN_STYLE = Automatic;
				CURRENT_PROJECT_VERSION = 1;
				DEAD_CODE_STRIPPING = YES;
				DEVELOPMENT_ASSET_PATHS = "\"A.N.A./Preview Content\"";
				DEVELOPMENT_TEAM = CYWQBR8F54;
				ENABLE_HARDENED_RUNTIME = YES;
				ENABLE_PREVIEWS = YES;
				GENERATE_INFOPLIST_FILE = YES;
				INFOPLIST_FILE = "A-N-A--Info.plist";
				INFOPLIST_KEY_CFBundleDisplayName = A.N.A.;
				INFOPLIST_KEY_LSApplicationCategoryType = "public.app-category.utilities";
				"INFOPLIST_KEY_UIApplicationSceneManifest_Generation[sdk=iphoneos*]" = YES;
				"INFOPLIST_KEY_UIApplicationSceneManifest_Generation[sdk=iphonesimulator*]" = YES;
				"INFOPLIST_KEY_UIApplicationSupportsIndirectInputEvents[sdk=iphoneos*]" = YES;
				"INFOPLIST_KEY_UIApplicationSupportsIndirectInputEvents[sdk=iphonesimulator*]" = YES;
				"INFOPLIST_KEY_UILaunchScreen_Generation[sdk=iphoneos*]" = YES;
				"INFOPLIST_KEY_UILaunchScreen_Generation[sdk=iphonesimulator*]" = YES;
				INFOPLIST_KEY_UILaunchStoryboardName = "Launch Screen.storyboard";
				"INFOPLIST_KEY_UIStatusBarStyle[sdk=iphoneos*]" = UIStatusBarStyleDefault;
				"INFOPLIST_KEY_UIStatusBarStyle[sdk=iphonesimulator*]" = UIStatusBarStyleDefault;
				INFOPLIST_KEY_UISupportedInterfaceOrientations = "UIInterfaceOrientationLandscapeLeft UIInterfaceOrientationLandscapeRight UIInterfaceOrientationPortrait UIInterfaceOrientationPortraitUpsideDown";
				IPHONEOS_DEPLOYMENT_TARGET = 15.0;
				LD_RUNPATH_SEARCH_PATHS = "@executable_path/Frameworks";
				"LD_RUNPATH_SEARCH_PATHS[sdk=macosx*]" = "@executable_path/../Frameworks";
				MACOSX_DEPLOYMENT_TARGET = 12.0;
				MARKETING_VERSION = 0.1.10.2;
				PRODUCT_BUNDLE_IDENTIFIER = com.carson1125.ana;
				PRODUCT_NAME = "$(TARGET_NAME)";
				SDKROOT = auto;
				SUPPORTED_PLATFORMS = "appletvos appletvsimulator iphoneos iphonesimulator macosx xros xrsimulator";
				SUPPORTS_MACCATALYST = NO;
				SWIFT_EMIT_LOC_STRINGS = YES;
				SWIFT_VERSION = 5.0;
				TARGETED_DEVICE_FAMILY = "1,2,3,7";
				TVOS_DEPLOYMENT_TARGET = 15.0;
			};
			name = Debug;
		};
		03F300F02AF6049E0088F7C3 /* Release */ = {
			isa = XCBuildConfiguration;
			buildSettings = {
				ASSETCATALOG_COMPILER_APPICON_NAME = AppIcon;
				ASSETCATALOG_COMPILER_GLOBAL_ACCENT_COLOR_NAME = AccentColor;
				ASSETCATALOG_COMPILER_INCLUDE_ALL_APPICON_ASSETS = NO;
				CODE_SIGN_ENTITLEMENTS = A.N.A./A_N_A_.entitlements;
				"CODE_SIGN_IDENTITY[sdk=macosx*]" = "Apple Development";
				CODE_SIGN_STYLE = Automatic;
				CURRENT_PROJECT_VERSION = 1;
				DEAD_CODE_STRIPPING = YES;
				DEVELOPMENT_ASSET_PATHS = "\"A.N.A./Preview Content\"";
				DEVELOPMENT_TEAM = CYWQBR8F54;
				ENABLE_HARDENED_RUNTIME = YES;
				ENABLE_PREVIEWS = YES;
				GENERATE_INFOPLIST_FILE = YES;
				INFOPLIST_FILE = "A-N-A--Info.plist";
				INFOPLIST_KEY_CFBundleDisplayName = A.N.A.;
				INFOPLIST_KEY_LSApplicationCategoryType = "public.app-category.utilities";
				"INFOPLIST_KEY_UIApplicationSceneManifest_Generation[sdk=iphoneos*]" = YES;
				"INFOPLIST_KEY_UIApplicationSceneManifest_Generation[sdk=iphonesimulator*]" = YES;
				"INFOPLIST_KEY_UIApplicationSupportsIndirectInputEvents[sdk=iphoneos*]" = YES;
				"INFOPLIST_KEY_UIApplicationSupportsIndirectInputEvents[sdk=iphonesimulator*]" = YES;
				"INFOPLIST_KEY_UILaunchScreen_Generation[sdk=iphoneos*]" = YES;
				"INFOPLIST_KEY_UILaunchScreen_Generation[sdk=iphonesimulator*]" = YES;
				INFOPLIST_KEY_UILaunchStoryboardName = "Launch Screen.storyboard";
				"INFOPLIST_KEY_UIStatusBarStyle[sdk=iphoneos*]" = UIStatusBarStyleDefault;
				"INFOPLIST_KEY_UIStatusBarStyle[sdk=iphonesimulator*]" = UIStatusBarStyleDefault;
				INFOPLIST_KEY_UISupportedInterfaceOrientations = "UIInterfaceOrientationLandscapeLeft UIInterfaceOrientationLandscapeRight UIInterfaceOrientationPortrait UIInterfaceOrientationPortraitUpsideDown";
				IPHONEOS_DEPLOYMENT_TARGET = 15.0;
				LD_RUNPATH_SEARCH_PATHS = "@executable_path/Frameworks";
				"LD_RUNPATH_SEARCH_PATHS[sdk=macosx*]" = "@executable_path/../Frameworks";
				MACOSX_DEPLOYMENT_TARGET = 12.0;
				MARKETING_VERSION = 0.1.10.2;
				PRODUCT_BUNDLE_IDENTIFIER = "carsonteams.A-N-A-";
				PRODUCT_NAME = "$(TARGET_NAME)";
				SDKROOT = auto;
				SUPPORTED_PLATFORMS = "appletvos appletvsimulator iphoneos iphonesimulator macosx xros xrsimulator";
				SUPPORTS_MACCATALYST = NO;
				SWIFT_EMIT_LOC_STRINGS = YES;
				SWIFT_VERSION = 5.0;
				TARGETED_DEVICE_FAMILY = "1,2,3,7";
				TVOS_DEPLOYMENT_TARGET = 15.0;
			};
			name = Release;
		};
		03F300F22AF6049E0088F7C3 /* Debug */ = {
			isa = XCBuildConfiguration;
			buildSettings = {
				ALWAYS_EMBED_SWIFT_STANDARD_LIBRARIES = YES;
				BUNDLE_LOADER = "$(TEST_HOST)";
				CODE_SIGN_STYLE = Automatic;
				CURRENT_PROJECT_VERSION = 1;
				DEAD_CODE_STRIPPING = YES;
				DEVELOPMENT_TEAM = CYWQBR8F54;
				GENERATE_INFOPLIST_FILE = YES;
				IPHONEOS_DEPLOYMENT_TARGET = 17.0;
				MACOSX_DEPLOYMENT_TARGET = 14.0;
				MARKETING_VERSION = 1.0;
				PRODUCT_BUNDLE_IDENTIFIER = "carsonteams.A-N-A-Tests";
				PRODUCT_NAME = "$(TARGET_NAME)";
				SDKROOT = auto;
				SUPPORTED_PLATFORMS = "iphoneos iphonesimulator macosx";
				SWIFT_EMIT_LOC_STRINGS = NO;
				SWIFT_VERSION = 5.0;
				TARGETED_DEVICE_FAMILY = "1,2";
				TEST_HOST = "$(BUILT_PRODUCTS_DIR)/A.N.A..app/$(BUNDLE_EXECUTABLE_FOLDER_PATH)/A.N.A.";
			};
			name = Debug;
		};
		03F300F32AF6049E0088F7C3 /* Release */ = {
			isa = XCBuildConfiguration;
			buildSettings = {
				ALWAYS_EMBED_SWIFT_STANDARD_LIBRARIES = YES;
				BUNDLE_LOADER = "$(TEST_HOST)";
				CODE_SIGN_STYLE = Automatic;
				CURRENT_PROJECT_VERSION = 1;
				DEAD_CODE_STRIPPING = YES;
				DEVELOPMENT_TEAM = CYWQBR8F54;
				GENERATE_INFOPLIST_FILE = YES;
				IPHONEOS_DEPLOYMENT_TARGET = 17.0;
				MACOSX_DEPLOYMENT_TARGET = 14.0;
				MARKETING_VERSION = 1.0;
				PRODUCT_BUNDLE_IDENTIFIER = "carsonteams.A-N-A-Tests";
				PRODUCT_NAME = "$(TARGET_NAME)";
				SDKROOT = auto;
				SUPPORTED_PLATFORMS = "iphoneos iphonesimulator macosx";
				SWIFT_EMIT_LOC_STRINGS = NO;
				SWIFT_VERSION = 5.0;
				TARGETED_DEVICE_FAMILY = "1,2";
				TEST_HOST = "$(BUILT_PRODUCTS_DIR)/A.N.A..app/$(BUNDLE_EXECUTABLE_FOLDER_PATH)/A.N.A.";
			};
			name = Release;
		};
		03F300F52AF6049E0088F7C3 /* Debug */ = {
			isa = XCBuildConfiguration;
			buildSettings = {
				ALWAYS_EMBED_SWIFT_STANDARD_LIBRARIES = YES;
				CODE_SIGN_STYLE = Automatic;
				CURRENT_PROJECT_VERSION = 1;
				DEAD_CODE_STRIPPING = YES;
				DEVELOPMENT_TEAM = CYWQBR8F54;
				GENERATE_INFOPLIST_FILE = YES;
				IPHONEOS_DEPLOYMENT_TARGET = 17.0;
				MACOSX_DEPLOYMENT_TARGET = 14.0;
				MARKETING_VERSION = 1.0;
				PRODUCT_BUNDLE_IDENTIFIER = "carsonteams.A-N-A-UITests";
				PRODUCT_NAME = "$(TARGET_NAME)";
				SDKROOT = auto;
				SUPPORTED_PLATFORMS = "iphoneos iphonesimulator macosx";
				SWIFT_EMIT_LOC_STRINGS = NO;
				SWIFT_VERSION = 5.0;
				TARGETED_DEVICE_FAMILY = "1,2";
				TEST_TARGET_NAME = A.N.A.;
			};
			name = Debug;
		};
		03F300F62AF6049E0088F7C3 /* Release */ = {
			isa = XCBuildConfiguration;
			buildSettings = {
				ALWAYS_EMBED_SWIFT_STANDARD_LIBRARIES = YES;
				CODE_SIGN_STYLE = Automatic;
				CURRENT_PROJECT_VERSION = 1;
				DEAD_CODE_STRIPPING = YES;
				DEVELOPMENT_TEAM = CYWQBR8F54;
				GENERATE_INFOPLIST_FILE = YES;
				IPHONEOS_DEPLOYMENT_TARGET = 17.0;
				MACOSX_DEPLOYMENT_TARGET = 14.0;
				MARKETING_VERSION = 1.0;
				PRODUCT_BUNDLE_IDENTIFIER = "carsonteams.A-N-A-UITests";
				PRODUCT_NAME = "$(TARGET_NAME)";
				SDKROOT = auto;
				SUPPORTED_PLATFORMS = "iphoneos iphonesimulator macosx";
				SWIFT_EMIT_LOC_STRINGS = NO;
				SWIFT_VERSION = 5.0;
				TARGETED_DEVICE_FAMILY = "1,2";
				TEST_TARGET_NAME = A.N.A.;
			};
			name = Release;
		};
/* End XCBuildConfiguration section */

/* Begin XCConfigurationList section */
		03F300C42AF6049D0088F7C3 /* Build configuration list for PBXProject "A.N.A." */ = {
			isa = XCConfigurationList;
			buildConfigurations = (
				03F300EC2AF6049E0088F7C3 /* Debug */,
				03F300ED2AF6049E0088F7C3 /* Release */,
			);
			defaultConfigurationIsVisible = 0;
			defaultConfigurationName = Release;
		};
		03F300EE2AF6049E0088F7C3 /* Build configuration list for PBXNativeTarget "A.N.A." */ = {
			isa = XCConfigurationList;
			buildConfigurations = (
				03F300EF2AF6049E0088F7C3 /* Debug */,
				03F300F02AF6049E0088F7C3 /* Release */,
			);
			defaultConfigurationIsVisible = 0;
			defaultConfigurationName = Release;
		};
		03F300F12AF6049E0088F7C3 /* Build configuration list for PBXNativeTarget "A.N.A.Tests" */ = {
			isa = XCConfigurationList;
			buildConfigurations = (
				03F300F22AF6049E0088F7C3 /* Debug */,
				03F300F32AF6049E0088F7C3 /* Release */,
			);
			defaultConfigurationIsVisible = 0;
			defaultConfigurationName = Release;
		};
		03F300F42AF6049E0088F7C3 /* Build configuration list for PBXNativeTarget "A.N.A.UITests" */ = {
			isa = XCConfigurationList;
			buildConfigurations = (
				03F300F52AF6049E0088F7C3 /* Debug */,
				03F300F62AF6049E0088F7C3 /* Release */,
			);
			defaultConfigurationIsVisible = 0;
			defaultConfigurationName = Release;
		};
/* End XCConfigurationList section */
	};
	rootObject = 03F300C12AF6049D0088F7C3 /* Project object */;
}
